github.com/pratheekevive/submod/b v0.1.2 h1:ieuuUbWbfEyfPFTWG4pzCvEuIV4MWl7lPbzujfSGt/Q=
github.com/pratheekevive/submod/b v0.1.2/go.mod h1:0wxOhPuyMdQaz0fDeAhTbwxMF1v7bj6dNyAMG/blFcE=
github.com/pratheekevive/submod/c v0.1.0 h1:EJ/Lakwg1zaLzL2BlgYFLlpxRFa/q9H4YQBoNQ0Fcbw=
github.com/pratheekevive/submod/c v0.1.0/go.mod h1:Bk8EGw0aYeybALqkuLFG56iO2DYA08nyTH9SqvIQBmM=
